<?xml version="1.0" encoding="utf-8"?>
<Project ToolsVersion="4.0" xmlns="http://schemas.microsoft.com/developer/msbuild/2003">
  <ItemGroup>
    <ClCompile Include="gc.cpp" />
    <ClCompile Include="main.cpp" />
    <ClCompile Include="stdafx.cpp" />
    <ClCompile Include="syntax.cpp" />
    <ClCompile Include="sig2hash.cpp" />
    <ClCompile Include="exe_context.cpp" />
    <ClCompile Include="..\backends\p2wast.cpp">
      <Filter>backends</Filter>
    </ClCompile>
    <ClCompile Include="debugger.cpp" />
    <ClCompile Include="c_interface.cpp" />
    <ClCompile Include="..\libs\object.cpp">
      <Filter>libs</Filter>
    </ClCompile>
    <ClCompile Include="binding.cpp" />
    <ClCompile Include="runner.cpp" />
    <ClCompile Include="value.cpp" />
    <ClCompile Include="compiler.cpp" />
    <ClCompile Include="lexer.cpp" />
    <ClCompile Include="sexper.cpp" />
  </ItemGroup>
  <ItemGroup>
    <ClInclude Include="binding.h" />
    <ClInclude Include="code_gen.h" />
    <ClInclude Include="gc.h" />
    <ClInclude Include="compilation.h" />
    <ClInclude Include="compiler.h" />
    <ClInclude Include="errors.h" />
    <ClInclude Include="optimiser.h" />
    <ClInclude Include="program.h" />
    <ClInclude Include="program_io.h" />
    <ClInclude Include="runner.h" />
    <ClInclude Include="stdafx.h" />
    <ClInclude Include="syntax.h" />
    <ClInclude Include="text_processor.h" />
    <ClInclude Include="token.h" />
    <ClInclude Include="tree_builder.h" />
    <ClInclude Include="vnode_transformer.h" />
    <ClInclude Include="..\thirdparty\argagg.hpp">
      <Filter>thirdparty</Filter>
    </ClInclude>
    <ClInclude Include="..\libs\stdlib.h">
      <Filter>libs</Filter>
    </ClInclude>
    <ClInclude Include="..\backends\p2wast.h">
      <Filter>backends</Filter>
    </ClInclude>
    <ClInclude Include="ast\syntax_travler.h">
      <Filter>ast</Filter>
    </ClInclude>
    <ClInclude Include="ast\callmember.h">
      <Filter>ast</Filter>
    </ClInclude>
    <ClInclude Include="sig2hash.h" />
    <ClInclude Include="..\libs\array.h">
      <Filter>libs</Filter>
    </ClInclude>
    <ClInclude Include="ast\callnewobj.h">
      <Filter>ast</Filter>
    </ClInclude>
    <ClInclude Include="fileio.h" />
    <ClInclude Include="ast\arraccess.h">
      <Filter>ast</Filter>
    </ClInclude>
    <ClInclude Include="ir_optimiser.h" />
    <ClInclude Include="..\libs\string.h">
      <Filter>libs</Filter>
    </ClInclude>
    <ClInclude Include="exe_context.h" />
    <ClInclude Include="ast\endlpop.h">
      <Filter>ast</Filter>
    </ClInclude>
    <ClInclude Include="reflection.h" />
    <ClInclude Include="..\libs\object.h">
      <Filter>libs</Filter>
    </ClInclude>
    <ClInclude Include="ast\annotation.h">
      <Filter>ast</Filter>
    </ClInclude>
    <ClInclude Include="ast\ast_reflection.h">
      <Filter>ast</Filter>
    </ClInclude>
    <ClInclude Include="type_attr.h" />
    <ClInclude Include="stack_provider.h" />
    <ClInclude Include="..\libs\gc.h">
      <Filter>libs</Filter>
    </ClInclude>
    <ClInclude Include="debugger.h" />
    <ClInclude Include="string_pool.h" />
    <ClInclude Include="dbg.h" />
    <ClInclude Include="c_interface.h" />
    <ClInclude Include="conout.h" />
    <ClInclude Include="..\libs\debugger.h">
      <Filter>libs</Filter>
    </ClInclude>
    <ClInclude Include="..\includes\rookie.h">
      <Filter>includes</Filter>
    </ClInclude>
    <ClInclude Include="ast\newdic.h">
      <Filter>ast</Filter>
    </ClInclude>
    <ClInclude Include="..\libs\dictionary.h">
      <Filter>libs</Filter>
    </ClInclude>
    <ClInclude Include="value_op.h" />
    <ClInclude Include="..\libs\integer.h">
      <Filter>libs</Filter>
    </ClInclude>
    <ClInclude Include="..\libs\math.h">
      <Filter>libs</Filter>
    </ClInclude>
    <ClInclude Include="..\includes\special_name.h" />
    <ClInclude Include="validator\syntax_validator.h">
      <Filter>validator</Filter>
    </ClInclude>
    <ClInclude Include="object.h" />
    <ClInclude Include="value.h" />
    <ClInclude Include="ast\classfield.h">
      <Filter>ast</Filter>
    </ClInclude>
    <ClInclude Include="..\libs\type.h">
      <Filter>libs</Filter>
    </ClInclude>
    <ClInclude Include="..\libs\datetime.h">
      <Filter>libs</Filter>
    </ClInclude>
    <ClInclude Include="call.h" />
    <ClInclude Include="..\libs\reflection.h">
      <Filter>libs</Filter>
    </ClInclude>
    <ClInclude Include="ir\dup.h">
      <Filter>ir</Filter>
    </ClInclude>
    <ClInclude Include="..\libs\iterator.h">
      <Filter>libs</Filter>
    </ClInclude>
    <ClInclude Include="ast\foreach.h">
      <Filter>ast</Filter>
    </ClInclude>
    <ClInclude Include="..\libs\kvpair.h">
      <Filter>libs</Filter>
    </ClInclude>
    <ClInclude Include="..\libs\file.h">
      <Filter>libs</Filter>
    </ClInclude>
  </ItemGroup>
  <ItemGroup>
    <Filter Include="thirdparty">
      <UniqueIdentifier>{652c4f88-01f9-4cd2-abdb-66c5290402ef}</UniqueIdentifier>
    </Filter>
    <Filter Include="libs">
      <UniqueIdentifier>{a810ad6f-3955-420b-8947-dc896237cfea}</UniqueIdentifier>
    </Filter>
    <Filter Include="backends">
      <UniqueIdentifier>{d06a7c6e-29d8-404f-ab1c-5642280a2cd6}</UniqueIdentifier>
    </Filter>
    <Filter Include="ast">
      <UniqueIdentifier>{cce98081-4015-4241-a704-125edcc837de}</UniqueIdentifier>
    </Filter>
    <Filter Include="includes">
      <UniqueIdentifier>{1a7adbd0-7f2b-40f8-a697-98885db2b37e}</UniqueIdentifier>
    </Filter>
    <Filter Include="validator">
      <UniqueIdentifier>{41a40755-b256-4cf3-a709-c5377c7a472e}</UniqueIdentifier>
    </Filter>
    <Filter Include="ir">
      <UniqueIdentifier>{a169987d-1dbf-4e0b-9b66-529b827bd7e3}</UniqueIdentifier>
    </Filter>
  </ItemGroup>
  <ItemGroup>
    <None Include="cpp.hint" />
    <None Include="ast\string_interpolation.h">
      <Filter>ast</Filter>
    </None>
  </ItemGroup>
</Project>