<?xml version="1.0" encoding="utf-8"?>
<Project ToolsVersion="4.0" xmlns="http://schemas.microsoft.com/developer/msbuild/2003">
  <ItemGroup>
    <ClCompile Include="gc.cpp" />
    <ClCompile Include="main.cpp" />
    <ClCompile Include="stdafx.cpp" />
    <ClCompile Include="syntax.cpp" />
  </ItemGroup>
  <ItemGroup>
    <ClInclude Include="binding.h" />
    <ClInclude Include="code_gen.h" />
    <ClInclude Include="gc.h" />
    <ClInclude Include="compilation.h" />
    <ClInclude Include="compiler.h" />
    <ClInclude Include="errors.h" />
    <ClInclude Include="optimiser.h" />
    <ClInclude Include="program.h" />
    <ClInclude Include="program_io.h" />
    <ClInclude Include="runner.h" />
    <ClInclude Include="stdafx.h" />
    <ClInclude Include="syntax.h" />
    <ClInclude Include="text_processor.h" />
    <ClInclude Include="token.h" />
    <ClInclude Include="tree_builder.h" />
    <ClInclude Include="value_object.h" />
    <ClInclude Include="vnode_transformer.h" />
    <ClInclude Include="..\thirdparty\argagg.hpp">
      <Filter>thirdparty</Filter>
    </ClInclude>
    <ClInclude Include="..\libs\stdlib.h">
      <Filter>libs</Filter>
    </ClInclude>
    <ClInclude Include="..\backends\p2wast.h">
      <Filter>backends</Filter>
    </ClInclude>
    <ClInclude Include="ast\syntax_travler.h">
      <Filter>ast</Filter>
    </ClInclude>
    <ClInclude Include="ast\callmember.h">
      <Filter>ast</Filter>
    </ClInclude>
  </ItemGroup>
  <ItemGroup>
    <Filter Include="thirdparty">
      <UniqueIdentifier>{652c4f88-01f9-4cd2-abdb-66c5290402ef}</UniqueIdentifier>
    </Filter>
    <Filter Include="libs">
      <UniqueIdentifier>{a810ad6f-3955-420b-8947-dc896237cfea}</UniqueIdentifier>
    </Filter>
    <Filter Include="backends">
      <UniqueIdentifier>{d06a7c6e-29d8-404f-ab1c-5642280a2cd6}</UniqueIdentifier>
    </Filter>
    <Filter Include="ast">
      <UniqueIdentifier>{cce98081-4015-4241-a704-125edcc837de}</UniqueIdentifier>
    </Filter>
  </ItemGroup>
  <ItemGroup>
    <None Include="cpp.hint" />
  </ItemGroup>
</Project>